{
  "object": {
    "pins": [
      {
        "package": "URLImage",
        "repositoryURL": "git@github.com:dmytro-anokhin/url-image.git",
        "state": {
          "branch": "version_2",
          "revision": "d82a5e58b30e3770c26c859e540c271f7ec39d6f",
          "version": null
        }
      }
    ]
  },
  "version": 1
}
