{
  "object": {
    "pins": [
      {
        "package": "URLImage",
        "repositoryURL": "git@github.com:dmytro-anokhin/url-image.git",
        "state": {
          "branch": "version_2",
          "revision": "4d7984f2bee63f08447e9381a2a2532548f7ac78",
          "version": null
        }
      }
    ]
  },
  "version": 1
}
