// !$*UTF8*$!
{
	archiveVersion = 1;
	classes = {
	};
	objectVersion = 52;
	objects = {

/* Begin PBXBuildFile section */
		F44BEDA9253B0519008D8524 /* ScrollableLazyVStackDemoView.swift in Sources */ = {isa = PBXBuildFile; fileRef = F44BEDA8253B0519008D8524 /* ScrollableLazyVStackDemoView.swift */; };
		F4823405253AAF5500CD9ACC /* AppDelegate.swift in Sources */ = {isa = PBXBuildFile; fileRef = F4823404253AAF5500CD9ACC /* AppDelegate.swift */; };
		F4823407253AAF5500CD9ACC /* SceneDelegate.swift in Sources */ = {isa = PBXBuildFile; fileRef = F4823406253AAF5500CD9ACC /* SceneDelegate.swift */; };
		F4823409253AAF5500CD9ACC /* RootView.swift in Sources */ = {isa = PBXBuildFile; fileRef = F4823408253AAF5500CD9ACC /* RootView.swift */; };
		F482340B253AAF5600CD9ACC /* Assets.xcassets in Resources */ = {isa = PBXBuildFile; fileRef = F482340A253AAF5600CD9ACC /* Assets.xcassets */; };
		F482340E253AAF5600CD9ACC /* Preview Assets.xcassets in Resources */ = {isa = PBXBuildFile; fileRef = F482340D253AAF5600CD9ACC /* Preview Assets.xcassets */; };
		F4823411253AAF5600CD9ACC /* LaunchScreen.storyboard in Resources */ = {isa = PBXBuildFile; fileRef = F482340F253AAF5600CD9ACC /* LaunchScreen.storyboard */; };
		F4B98B5E253AB41E0053E91B /* SampleURLs.swift in Sources */ = {isa = PBXBuildFile; fileRef = F4B98B5D253AB41E0053E91B /* SampleURLs.swift */; };
		F4B98B63253AB47C0053E91B /* URLImage in Frameworks */ = {isa = PBXBuildFile; productRef = F4B98B62253AB47C0053E91B /* URLImage */; };
		F4B98B6A253AB4D60053E91B /* ListDemoView.swift in Sources */ = {isa = PBXBuildFile; fileRef = F4B98B69253AB4D60053E91B /* ListDemoView.swift */; };
/* End PBXBuildFile section */

/* Begin PBXFileReference section */
		F44BEDA8253B0519008D8524 /* ScrollableLazyVStackDemoView.swift */ = {isa = PBXFileReference; lastKnownFileType = sourcecode.swift; path = ScrollableLazyVStackDemoView.swift; sourceTree = "<group>"; };
		F4823401253AAF5500CD9ACC /* URLImageDemo.app */ = {isa = PBXFileReference; explicitFileType = wrapper.application; includeInIndex = 0; path = URLImageDemo.app; sourceTree = BUILT_PRODUCTS_DIR; };
		F4823404253AAF5500CD9ACC /* AppDelegate.swift */ = {isa = PBXFileReference; lastKnownFileType = sourcecode.swift; path = AppDelegate.swift; sourceTree = "<group>"; };
		F4823406253AAF5500CD9ACC /* SceneDelegate.swift */ = {isa = PBXFileReference; lastKnownFileType = sourcecode.swift; path = SceneDelegate.swift; sourceTree = "<group>"; };
		F4823408253AAF5500CD9ACC /* RootView.swift */ = {isa = PBXFileReference; lastKnownFileType = sourcecode.swift; path = RootView.swift; sourceTree = "<group>"; };
		F482340A253AAF5600CD9ACC /* Assets.xcassets */ = {isa = PBXFileReference; lastKnownFileType = folder.assetcatalog; path = Assets.xcassets; sourceTree = "<group>"; };
		F482340D253AAF5600CD9ACC /* Preview Assets.xcassets */ = {isa = PBXFileReference; lastKnownFileType = folder.assetcatalog; path = "Preview Assets.xcassets"; sourceTree = "<group>"; };
		F4823410253AAF5600CD9ACC /* Base */ = {isa = PBXFileReference; lastKnownFileType = file.storyboard; name = Base; path = Base.lproj/LaunchScreen.storyboard; sourceTree = "<group>"; };
		F4823412253AAF5600CD9ACC /* Info.plist */ = {isa = PBXFileReference; lastKnownFileType = text.plist.xml; path = Info.plist; sourceTree = "<group>"; };
		F4B98B5D253AB41E0053E91B /* SampleURLs.swift */ = {isa = PBXFileReference; lastKnownFileType = sourcecode.swift; path = SampleURLs.swift; sourceTree = "<group>"; };
		F4B98B69253AB4D60053E91B /* ListDemoView.swift */ = {isa = PBXFileReference; lastKnownFileType = sourcecode.swift; path = ListDemoView.swift; sourceTree = "<group>"; };
/* End PBXFileReference section */

/* Begin PBXFrameworksBuildPhase section */
		F48233FE253AAF5500CD9ACC /* Frameworks */ = {
			isa = PBXFrameworksBuildPhase;
			buildActionMask = 2147483647;
			files = (
				F4B98B63253AB47C0053E91B /* URLImage in Frameworks */,
			);
			runOnlyForDeploymentPostprocessing = 0;
		};
/* End PBXFrameworksBuildPhase section */

/* Begin PBXGroup section */
		F48233F8253AAF5500CD9ACC = {
			isa = PBXGroup;
			children = (
				F4823403253AAF5500CD9ACC /* URLImageDemo */,
				F4823402253AAF5500CD9ACC /* Products */,
			);
			sourceTree = "<group>";
		};
		F4823402253AAF5500CD9ACC /* Products */ = {
			isa = PBXGroup;
			children = (
				F4823401253AAF5500CD9ACC /* URLImageDemo.app */,
			);
			name = Products;
			sourceTree = "<group>";
		};
		F4823403253AAF5500CD9ACC /* URLImageDemo */ = {
			isa = PBXGroup;
			children = (
				F4B98B5C253AB4120053E91B /* Common */,
				F4B98B58253AB2E70053E91B /* View */,
				F4823404253AAF5500CD9ACC /* AppDelegate.swift */,
				F4823406253AAF5500CD9ACC /* SceneDelegate.swift */,
				F482340A253AAF5600CD9ACC /* Assets.xcassets */,
				F482340F253AAF5600CD9ACC /* LaunchScreen.storyboard */,
				F4823412253AAF5600CD9ACC /* Info.plist */,
				F482340C253AAF5600CD9ACC /* Preview Content */,
			);
			path = URLImageDemo;
			sourceTree = "<group>";
		};
		F482340C253AAF5600CD9ACC /* Preview Content */ = {
			isa = PBXGroup;
			children = (
				F482340D253AAF5600CD9ACC /* Preview Assets.xcassets */,
			);
			path = "Preview Content";
			sourceTree = "<group>";
		};
		F4B98B58253AB2E70053E91B /* View */ = {
			isa = PBXGroup;
			children = (
				F4823408253AAF5500CD9ACC /* RootView.swift */,
				F4B98B69253AB4D60053E91B /* ListDemoView.swift */,
				F44BEDA8253B0519008D8524 /* ScrollableLazyVStackDemoView.swift */,
			);
			path = View;
			sourceTree = "<group>";
		};
		F4B98B5C253AB4120053E91B /* Common */ = {
			isa = PBXGroup;
			children = (
				F4B98B5D253AB41E0053E91B /* SampleURLs.swift */,
			);
			path = Common;
			sourceTree = "<group>";
		};
/* End PBXGroup section */

/* Begin PBXNativeTarget section */
		F4823400253AAF5500CD9ACC /* URLImageDemo */ = {
			isa = PBXNativeTarget;
			buildConfigurationList = F4823415253AAF5600CD9ACC /* Build configuration list for PBXNativeTarget "URLImageDemo" */;
			buildPhases = (
				F48233FD253AAF5500CD9ACC /* Sources */,
				F48233FE253AAF5500CD9ACC /* Frameworks */,
				F48233FF253AAF5500CD9ACC /* Resources */,
			);
			buildRules = (
			);
			dependencies = (
			);
			name = URLImageDemo;
			packageProductDependencies = (
				F4B98B62253AB47C0053E91B /* URLImage */,
			);
			productName = URLImageDemo;
			productReference = F4823401253AAF5500CD9ACC /* URLImageDemo.app */;
			productType = "com.apple.product-type.application";
		};
/* End PBXNativeTarget section */

/* Begin PBXProject section */
		F48233F9253AAF5500CD9ACC /* Project object */ = {
			isa = PBXProject;
			attributes = {
				LastSwiftUpdateCheck = 1200;
				LastUpgradeCheck = 1200;
				TargetAttributes = {
					F4823400253AAF5500CD9ACC = {
						CreatedOnToolsVersion = 12.0.1;
					};
				};
			};
			buildConfigurationList = F48233FC253AAF5500CD9ACC /* Build configuration list for PBXProject "URLImageDemo" */;
			compatibilityVersion = "Xcode 9.3";
			developmentRegion = en;
			hasScannedForEncodings = 0;
			knownRegions = (
				en,
				Base,
			);
			mainGroup = F48233F8253AAF5500CD9ACC;
			packageReferences = (
				F4B98B61253AB47C0053E91B /* XCRemoteSwiftPackageReference "url-image" */,
			);
			productRefGroup = F4823402253AAF5500CD9ACC /* Products */;
			projectDirPath = "";
			projectRoot = "";
			targets = (
				F4823400253AAF5500CD9ACC /* URLImageDemo */,
			);
		};
/* End PBXProject section */

/* Begin PBXResourcesBuildPhase section */
		F48233FF253AAF5500CD9ACC /* Resources */ = {
			isa = PBXResourcesBuildPhase;
			buildActionMask = 2147483647;
			files = (
				F4823411253AAF5600CD9ACC /* LaunchScreen.storyboard in Resources */,
				F482340E253AAF5600CD9ACC /* Preview Assets.xcassets in Resources */,
				F482340B253AAF5600CD9ACC /* Assets.xcassets in Resources */,
			);
			runOnlyForDeploymentPostprocessing = 0;
		};
/* End PBXResourcesBuildPhase section */

/* Begin PBXSourcesBuildPhase section */
		F48233FD253AAF5500CD9ACC /* Sources */ = {
			isa = PBXSourcesBuildPhase;
			buildActionMask = 2147483647;
			files = (
				F4823405253AAF5500CD9ACC /* AppDelegate.swift in Sources */,
				F4823407253AAF5500CD9ACC /* SceneDelegate.swift in Sources */,
				F44BEDA9253B0519008D8524 /* ScrollableLazyVStackDemoView.swift in Sources */,
				F4823409253AAF5500CD9ACC /* RootView.swift in Sources */,
				F4B98B5E253AB41E0053E91B /* SampleURLs.swift in Sources */,
				F4B98B6A253AB4D60053E91B /* ListDemoView.swift in Sources */,
			);
			runOnlyForDeploymentPostprocessing = 0;
		};
/* End PBXSourcesBuildPhase section */

/* Begin PBXVariantGroup section */
		F482340F253AAF5600CD9ACC /* LaunchScreen.storyboard */ = {
			isa = PBXVariantGroup;
			children = (
				F4823410253AAF5600CD9ACC /* Base */,
			);
			name = LaunchScreen.storyboard;
			sourceTree = "<group>";
		};
/* End PBXVariantGroup section */

/* Begin XCBuildConfiguration section */
		F4823413253AAF5600CD9ACC /* Debug */ = {
			isa = XCBuildConfiguration;
			buildSettings = {
				ALWAYS_SEARCH_USER_PATHS = NO;
				CLANG_ANALYZER_NONNULL = YES;
				CLANG_ANALYZER_NUMBER_OBJECT_CONVERSION = YES_AGGRESSIVE;
				CLANG_CXX_LANGUAGE_STANDARD = "gnu++14";
				CLANG_CXX_LIBRARY = "libc++";
				CLANG_ENABLE_MODULES = YES;
				CLANG_ENABLE_OBJC_ARC = YES;
				CLANG_ENABLE_OBJC_WEAK = YES;
				CLANG_WARN_BLOCK_CAPTURE_AUTORELEASING = YES;
				CLANG_WARN_BOOL_CONVERSION = YES;
				CLANG_WARN_COMMA = YES;
				CLANG_WARN_CONSTANT_CONVERSION = YES;
				CLANG_WARN_DEPRECATED_OBJC_IMPLEMENTATIONS = YES;
				CLANG_WARN_DIRECT_OBJC_ISA_USAGE = YES_ERROR;
				CLANG_WARN_DOCUMENTATION_COMMENTS = YES;
				CLANG_WARN_EMPTY_BODY = YES;
				CLANG_WARN_ENUM_CONVERSION = YES;
				CLANG_WARN_INFINITE_RECURSION = YES;
				CLANG_WARN_INT_CONVERSION = YES;
				CLANG_WARN_NON_LITERAL_NULL_CONVERSION = YES;
				CLANG_WARN_OBJC_IMPLICIT_RETAIN_SELF = YES;
				CLANG_WARN_OBJC_LITERAL_CONVERSION = YES;
				CLANG_WARN_OBJC_ROOT_CLASS = YES_ERROR;
				CLANG_WARN_QUOTED_INCLUDE_IN_FRAMEWORK_HEADER = YES;
				CLANG_WARN_RANGE_LOOP_ANALYSIS = YES;
				CLANG_WARN_STRICT_PROTOTYPES = YES;
				CLANG_WARN_SUSPICIOUS_MOVE = YES;
				CLANG_WARN_UNGUARDED_AVAILABILITY = YES_AGGRESSIVE;
				CLANG_WARN_UNREACHABLE_CODE = YES;
				CLANG_WARN__DUPLICATE_METHOD_MATCH = YES;
				COPY_PHASE_STRIP = NO;
				DEBUG_INFORMATION_FORMAT = dwarf;
				ENABLE_STRICT_OBJC_MSGSEND = YES;
				ENABLE_TESTABILITY = YES;
				GCC_C_LANGUAGE_STANDARD = gnu11;
				GCC_DYNAMIC_NO_PIC = NO;
				GCC_NO_COMMON_BLOCKS = YES;
				GCC_OPTIMIZATION_LEVEL = 0;
				GCC_PREPROCESSOR_DEFINITIONS = (
					"DEBUG=1",
					"$(inherited)",
				);
				GCC_WARN_64_TO_32_BIT_CONVERSION = YES;
				GCC_WARN_ABOUT_RETURN_TYPE = YES_ERROR;
				GCC_WARN_UNDECLARED_SELECTOR = YES;
				GCC_WARN_UNINITIALIZED_AUTOS = YES_AGGRESSIVE;
				GCC_WARN_UNUSED_FUNCTION = YES;
				GCC_WARN_UNUSED_VARIABLE = YES;
				IPHONEOS_DEPLOYMENT_TARGET = 14.0;
				MTL_ENABLE_DEBUG_INFO = INCLUDE_SOURCE;
				MTL_FAST_MATH = YES;
				ONLY_ACTIVE_ARCH = YES;
				SDKROOT = iphoneos;
				SWIFT_ACTIVE_COMPILATION_CONDITIONS = DEBUG;
				SWIFT_OPTIMIZATION_LEVEL = "-Onone";
			};
			name = Debug;
		};
		F4823414253AAF5600CD9ACC /* Release */ = {
			isa = XCBuildConfiguration;
			buildSettings = {
				ALWAYS_SEARCH_USER_PATHS = NO;
				CLANG_ANALYZER_NONNULL = YES;
				CLANG_ANALYZER_NUMBER_OBJECT_CONVERSION = YES_AGGRESSIVE;
				CLANG_CXX_LANGUAGE_STANDARD = "gnu++14";
				CLANG_CXX_LIBRARY = "libc++";
				CLANG_ENABLE_MODULES = YES;
				CLANG_ENABLE_OBJC_ARC = YES;
				CLANG_ENABLE_OBJC_WEAK = YES;
				CLANG_WARN_BLOCK_CAPTURE_AUTORELEASING = YES;
				CLANG_WARN_BOOL_CONVERSION = YES;
				CLANG_WARN_COMMA = YES;
				CLANG_WARN_CONSTANT_CONVERSION = YES;
				CLANG_WARN_DEPRECATED_OBJC_IMPLEMENTATIONS = YES;
				CLANG_WARN_DIRECT_OBJC_ISA_USAGE = YES_ERROR;
				CLANG_WARN_DOCUMENTATION_COMMENTS = YES;
				CLANG_WARN_EMPTY_BODY = YES;
				CLANG_WARN_ENUM_CONVERSION = YES;
				CLANG_WARN_INFINITE_RECURSION = YES;
				CLANG_WARN_INT_CONVERSION = YES;
				CLANG_WARN_NON_LITERAL_NULL_CONVERSION = YES;
				CLANG_WARN_OBJC_IMPLICIT_RETAIN_SELF = YES;
				CLANG_WARN_OBJC_LITERAL_CONVERSION = YES;
				CLANG_WARN_OBJC_ROOT_CLASS = YES_ERROR;
				CLANG_WARN_QUOTED_INCLUDE_IN_FRAMEWORK_HEADER = YES;
				CLANG_WARN_RANGE_LOOP_ANALYSIS = YES;
				CLANG_WARN_STRICT_PROTOTYPES = YES;
				CLANG_WARN_SUSPICIOUS_MOVE = YES;
				CLANG_WARN_UNGUARDED_AVAILABILITY = YES_AGGRESSIVE;
				CLANG_WARN_UNREACHABLE_CODE = YES;
				CLANG_WARN__DUPLICATE_METHOD_MATCH = YES;
				COPY_PHASE_STRIP = NO;
				DEBUG_INFORMATION_FORMAT = "dwarf-with-dsym";
				ENABLE_NS_ASSERTIONS = NO;
				ENABLE_STRICT_OBJC_MSGSEND = YES;
				GCC_C_LANGUAGE_STANDARD = gnu11;
				GCC_NO_COMMON_BLOCKS = YES;
				GCC_WARN_64_TO_32_BIT_CONVERSION = YES;
				GCC_WARN_ABOUT_RETURN_TYPE = YES_ERROR;
				GCC_WARN_UNDECLARED_SELECTOR = YES;
				GCC_WARN_UNINITIALIZED_AUTOS = YES_AGGRESSIVE;
				GCC_WARN_UNUSED_FUNCTION = YES;
				GCC_WARN_UNUSED_VARIABLE = YES;
				IPHONEOS_DEPLOYMENT_TARGET = 14.0;
				MTL_ENABLE_DEBUG_INFO = NO;
				MTL_FAST_MATH = YES;
				SDKROOT = iphoneos;
				SWIFT_COMPILATION_MODE = wholemodule;
				SWIFT_OPTIMIZATION_LEVEL = "-O";
				VALIDATE_PRODUCT = YES;
			};
			name = Release;
		};
		F4823416253AAF5600CD9ACC /* Debug */ = {
			isa = XCBuildConfiguration;
			buildSettings = {
				ASSETCATALOG_COMPILER_APPICON_NAME = AppIcon;
				ASSETCATALOG_COMPILER_GLOBAL_ACCENT_COLOR_NAME = AccentColor;
				CODE_SIGN_STYLE = Automatic;
				DEVELOPMENT_ASSET_PATHS = "\"URLImageDemo/Preview Content\"";
				DEVELOPMENT_TEAM = UEQ8YHF529;
				ENABLE_PREVIEWS = YES;
				INFOPLIST_FILE = URLImageDemo/Info.plist;
				IPHONEOS_DEPLOYMENT_TARGET = 13.0;
				LD_RUNPATH_SEARCH_PATHS = (
					"$(inherited)",
					"@executable_path/Frameworks",
				);
				PRODUCT_BUNDLE_IDENTIFIER = org.danokhin.URLImageDemo;
				PRODUCT_NAME = "$(TARGET_NAME)";
				SWIFT_VERSION = 5.0;
				TARGETED_DEVICE_FAMILY = "1,2";
			};
			name = Debug;
		};
		F4823417253AAF5600CD9ACC /* Release */ = {
			isa = XCBuildConfiguration;
			buildSettings = {
				ASSETCATALOG_COMPILER_APPICON_NAME = AppIcon;
				ASSETCATALOG_COMPILER_GLOBAL_ACCENT_COLOR_NAME = AccentColor;
				CODE_SIGN_STYLE = Automatic;
				DEVELOPMENT_ASSET_PATHS = "\"URLImageDemo/Preview Content\"";
				DEVELOPMENT_TEAM = UEQ8YHF529;
				ENABLE_PREVIEWS = YES;
				INFOPLIST_FILE = URLImageDemo/Info.plist;
				IPHONEOS_DEPLOYMENT_TARGET = 13.0;
				LD_RUNPATH_SEARCH_PATHS = (
					"$(inherited)",
					"@executable_path/Frameworks",
				);
				PRODUCT_BUNDLE_IDENTIFIER = org.danokhin.URLImageDemo;
				PRODUCT_NAME = "$(TARGET_NAME)";
				SWIFT_VERSION = 5.0;
				TARGETED_DEVICE_FAMILY = "1,2";
			};
			name = Release;
		};
/* End XCBuildConfiguration section */

/* Begin XCConfigurationList section */
		F48233FC253AAF5500CD9ACC /* Build configuration list for PBXProject "URLImageDemo" */ = {
			isa = XCConfigurationList;
			buildConfigurations = (
				F4823413253AAF5600CD9ACC /* Debug */,
				F4823414253AAF5600CD9ACC /* Release */,
			);
			defaultConfigurationIsVisible = 0;
			defaultConfigurationName = Release;
		};
		F4823415253AAF5600CD9ACC /* Build configuration list for PBXNativeTarget "URLImageDemo" */ = {
			isa = XCConfigurationList;
			buildConfigurations = (
				F4823416253AAF5600CD9ACC /* Debug */,
				F4823417253AAF5600CD9ACC /* Release */,
			);
			defaultConfigurationIsVisible = 0;
			defaultConfigurationName = Release;
		};
/* End XCConfigurationList section */

/* Begin XCRemoteSwiftPackageReference section */
		F4B98B61253AB47C0053E91B /* XCRemoteSwiftPackageReference "url-image" */ = {
			isa = XCRemoteSwiftPackageReference;
			repositoryURL = "git@github.com:dmytro-anokhin/url-image.git";
			requirement = {
				branch = version_2;
				kind = branch;
			};
		};
/* End XCRemoteSwiftPackageReference section */

/* Begin XCSwiftPackageProductDependency section */
		F4B98B62253AB47C0053E91B /* URLImage */ = {
			isa = XCSwiftPackageProductDependency;
			package = F4B98B61253AB47C0053E91B /* XCRemoteSwiftPackageReference "url-image" */;
			productName = URLImage;
		};
/* End XCSwiftPackageProductDependency section */
	};
	rootObject = F48233F9253AAF5500CD9ACC /* Project object */;
}
