// !$*UTF8*$!
{
	archiveVersion = 1;
	classes = {
	};
	objectVersion = 52;
	objects = {

/* Begin PBXBuildFile section */
		F44B08BE25474F1E00093E23 /* Issue96View.swift in Sources */ = {isa = PBXBuildFile; fileRef = F44B08BD25474F1E00093E23 /* Issue96View.swift */; };
		F44BEDA9253B0519008D8524 /* LazyVStackDemoView.swift in Sources */ = {isa = PBXBuildFile; fileRef = F44BEDA8253B0519008D8524 /* LazyVStackDemoView.swift */; };
		F44BEDB2253B81ED008D8524 /* LazyVGridDemoView.swift in Sources */ = {isa = PBXBuildFile; fileRef = F44BEDB1253B81EC008D8524 /* LazyVGridDemoView.swift */; };
		F44BEDB8253BFAB0008D8524 /* AppConfiguration.swift in Sources */ = {isa = PBXBuildFile; fileRef = F44BEDB7253BFAB0008D8524 /* AppConfiguration.swift */; };
		F44BEDC1253C0349008D8524 /* GridConfigurationView.swift in Sources */ = {isa = PBXBuildFile; fileRef = F44BEDC0253C0349008D8524 /* GridConfigurationView.swift */; };
		F44BEDC7253C957E008D8524 /* URLImageOptionsView.swift in Sources */ = {isa = PBXBuildFile; fileRef = F44BEDC6253C957E008D8524 /* URLImageOptionsView.swift */; };
		F44BEDD6253E7B97008D8524 /* ListDemoPresentationView.swift in Sources */ = {isa = PBXBuildFile; fileRef = F44BEDD5253E7B97008D8524 /* ListDemoPresentationView.swift */; };
		F44BEDDA253EA78A008D8524 /* LazyVGridDemoPresentationView.swift in Sources */ = {isa = PBXBuildFile; fileRef = F44BEDD9253EA78A008D8524 /* LazyVGridDemoPresentationView.swift */; };
		F44BEDDE253ED8E4008D8524 /* LazyVStackPresentationView.swift in Sources */ = {isa = PBXBuildFile; fileRef = F44BEDDD253ED8E4008D8524 /* LazyVStackPresentationView.swift */; };
		F467DF3C25800CA700C62D72 /* WidgetKit.framework in Frameworks */ = {isa = PBXBuildFile; fileRef = F467DF3B25800CA700C62D72 /* WidgetKit.framework */; };
		F467DF3E25800CA700C62D72 /* SwiftUI.framework in Frameworks */ = {isa = PBXBuildFile; fileRef = F467DF3D25800CA700C62D72 /* SwiftUI.framework */; };
		F467DF4125800CA700C62D72 /* URLImageWidget.swift in Sources */ = {isa = PBXBuildFile; fileRef = F467DF4025800CA700C62D72 /* URLImageWidget.swift */; };
		F467DF4425800CA900C62D72 /* Assets.xcassets in Resources */ = {isa = PBXBuildFile; fileRef = F467DF4325800CA900C62D72 /* Assets.xcassets */; };
		F467DF4625800CA900C62D72 /* URLImageWidget.intentdefinition in Sources */ = {isa = PBXBuildFile; fileRef = F467DF4225800CA700C62D72 /* URLImageWidget.intentdefinition */; };
		F467DF4725800CA900C62D72 /* URLImageWidget.intentdefinition in Sources */ = {isa = PBXBuildFile; fileRef = F467DF4225800CA700C62D72 /* URLImageWidget.intentdefinition */; };
		F467DF4A25800CA900C62D72 /* URLImageWidgetExtension.appex in Embed App Extensions */ = {isa = PBXBuildFile; fileRef = F467DF3A25800CA700C62D72 /* URLImageWidgetExtension.appex */; settings = {ATTRIBUTES = (RemoveHeadersOnCopy, ); }; };
		F4823405253AAF5500CD9ACC /* AppDelegate.swift in Sources */ = {isa = PBXBuildFile; fileRef = F4823404253AAF5500CD9ACC /* AppDelegate.swift */; };
		F4823407253AAF5500CD9ACC /* SceneDelegate.swift in Sources */ = {isa = PBXBuildFile; fileRef = F4823406253AAF5500CD9ACC /* SceneDelegate.swift */; };
		F4823409253AAF5500CD9ACC /* RootView.swift in Sources */ = {isa = PBXBuildFile; fileRef = F4823408253AAF5500CD9ACC /* RootView.swift */; };
		F482340B253AAF5600CD9ACC /* Assets.xcassets in Resources */ = {isa = PBXBuildFile; fileRef = F482340A253AAF5600CD9ACC /* Assets.xcassets */; };
		F482340E253AAF5600CD9ACC /* Preview Assets.xcassets in Resources */ = {isa = PBXBuildFile; fileRef = F482340D253AAF5600CD9ACC /* Preview Assets.xcassets */; };
		F4823411253AAF5600CD9ACC /* LaunchScreen.storyboard in Resources */ = {isa = PBXBuildFile; fileRef = F482340F253AAF5600CD9ACC /* LaunchScreen.storyboard */; };
		F4893BC3258BF3AE0021FFD7 /* Issue119View.swift in Sources */ = {isa = PBXBuildFile; fileRef = F4893BC2258BF3AE0021FFD7 /* Issue119View.swift */; };
		F4A7BE422559DD960097019F /* Issue107View.swift in Sources */ = {isa = PBXBuildFile; fileRef = F4A7BE412559DD960097019F /* Issue107View.swift */; };
		F4B98B5E253AB41E0053E91B /* SampleURLs.swift in Sources */ = {isa = PBXBuildFile; fileRef = F4B98B5D253AB41E0053E91B /* SampleURLs.swift */; };
		F4B98B6A253AB4D60053E91B /* ListDemoView.swift in Sources */ = {isa = PBXBuildFile; fileRef = F4B98B69253AB4D60053E91B /* ListDemoView.swift */; };
		F4C139112613A6D0003B59E3 /* URLImage in Frameworks */ = {isa = PBXBuildFile; productRef = F4C139102613A6D0003B59E3 /* URLImage */; };
		F4C139172613A6EC003B59E3 /* URLImage in Frameworks */ = {isa = PBXBuildFile; productRef = F4C139162613A6EC003B59E3 /* URLImage */; };
		F4C1391D2613A711003B59E3 /* URLImage in Frameworks */ = {isa = PBXBuildFile; productRef = F4C1391C2613A711003B59E3 /* URLImage */; };
		F4EE70E125429ABE0021A0DE /* Interface.storyboard in Resources */ = {isa = PBXBuildFile; fileRef = F4EE70DF25429ABE0021A0DE /* Interface.storyboard */; };
		F4EE70E325429AC00021A0DE /* Assets.xcassets in Resources */ = {isa = PBXBuildFile; fileRef = F4EE70E225429AC00021A0DE /* Assets.xcassets */; };
		F4EE70EA25429AC00021A0DE /* URLImageCompanionWatchApp Extension.appex in Embed App Extensions */ = {isa = PBXBuildFile; fileRef = F4EE70E925429AC00021A0DE /* URLImageCompanionWatchApp Extension.appex */; settings = {ATTRIBUTES = (RemoveHeadersOnCopy, ); }; };
		F4EE70EF25429AC00021A0DE /* HostingController.swift in Sources */ = {isa = PBXBuildFile; fileRef = F4EE70EE25429AC00021A0DE /* HostingController.swift */; };
		F4EE70F125429AC00021A0DE /* ContentView.swift in Sources */ = {isa = PBXBuildFile; fileRef = F4EE70F025429AC00021A0DE /* ContentView.swift */; };
		F4EE70F325429AC00021A0DE /* ExtensionDelegate.swift in Sources */ = {isa = PBXBuildFile; fileRef = F4EE70F225429AC00021A0DE /* ExtensionDelegate.swift */; };
		F4EE70F525429AC00021A0DE /* NotificationController.swift in Sources */ = {isa = PBXBuildFile; fileRef = F4EE70F425429AC00021A0DE /* NotificationController.swift */; };
		F4EE70F725429AC00021A0DE /* NotificationView.swift in Sources */ = {isa = PBXBuildFile; fileRef = F4EE70F625429AC00021A0DE /* NotificationView.swift */; };
		F4EE70F925429AC00021A0DE /* ComplicationController.swift in Sources */ = {isa = PBXBuildFile; fileRef = F4EE70F825429AC00021A0DE /* ComplicationController.swift */; };
		F4EE70FB25429AC10021A0DE /* Assets.xcassets in Resources */ = {isa = PBXBuildFile; fileRef = F4EE70FA25429AC10021A0DE /* Assets.xcassets */; };
		F4EE70FE25429AC10021A0DE /* Preview Assets.xcassets in Resources */ = {isa = PBXBuildFile; fileRef = F4EE70FD25429AC10021A0DE /* Preview Assets.xcassets */; };
		F4EE710325429AC10021A0DE /* URLImageCompanionWatchApp.app in Embed Watch Content */ = {isa = PBXBuildFile; fileRef = F4EE70DD25429ABE0021A0DE /* URLImageCompanionWatchApp.app */; settings = {ATTRIBUTES = (RemoveHeadersOnCopy, ); }; };
/* End PBXBuildFile section */

/* Begin PBXContainerItemProxy section */
		F467DF4825800CA900C62D72 /* PBXContainerItemProxy */ = {
			isa = PBXContainerItemProxy;
			containerPortal = F48233F9253AAF5500CD9ACC /* Project object */;
			proxyType = 1;
			remoteGlobalIDString = F467DF3925800CA700C62D72;
			remoteInfo = URLImageWidgetExtension;
		};
		F4EE70EB25429AC00021A0DE /* PBXContainerItemProxy */ = {
			isa = PBXContainerItemProxy;
			containerPortal = F48233F9253AAF5500CD9ACC /* Project object */;
			proxyType = 1;
			remoteGlobalIDString = F4EE70E825429AC00021A0DE;
			remoteInfo = "URLImageCompanionWatchApp Extension";
		};
		F4EE710125429AC10021A0DE /* PBXContainerItemProxy */ = {
			isa = PBXContainerItemProxy;
			containerPortal = F48233F9253AAF5500CD9ACC /* Project object */;
			proxyType = 1;
			remoteGlobalIDString = F4EE70DC25429ABE0021A0DE;
			remoteInfo = URLImageCompanionWatchApp;
		};
/* End PBXContainerItemProxy section */

/* Begin PBXCopyFilesBuildPhase section */
		F467DF4E25800CA900C62D72 /* Embed App Extensions */ = {
			isa = PBXCopyFilesBuildPhase;
			buildActionMask = 2147483647;
			dstPath = "";
			dstSubfolderSpec = 13;
			files = (
				F467DF4A25800CA900C62D72 /* URLImageWidgetExtension.appex in Embed App Extensions */,
			);
			name = "Embed App Extensions";
			runOnlyForDeploymentPostprocessing = 0;
		};
		F4EE710725429AC10021A0DE /* Embed App Extensions */ = {
			isa = PBXCopyFilesBuildPhase;
			buildActionMask = 2147483647;
			dstPath = "";
			dstSubfolderSpec = 13;
			files = (
				F4EE70EA25429AC00021A0DE /* URLImageCompanionWatchApp Extension.appex in Embed App Extensions */,
			);
			name = "Embed App Extensions";
			runOnlyForDeploymentPostprocessing = 0;
		};
		F4EE710B25429AC10021A0DE /* Embed Watch Content */ = {
			isa = PBXCopyFilesBuildPhase;
			buildActionMask = 2147483647;
			dstPath = "$(CONTENTS_FOLDER_PATH)/Watch";
			dstSubfolderSpec = 16;
			files = (
				F4EE710325429AC10021A0DE /* URLImageCompanionWatchApp.app in Embed Watch Content */,
			);
			name = "Embed Watch Content";
			runOnlyForDeploymentPostprocessing = 0;
		};
/* End PBXCopyFilesBuildPhase section */

/* Begin PBXFileReference section */
		F44B08BD25474F1E00093E23 /* Issue96View.swift */ = {isa = PBXFileReference; fileEncoding = 4; lastKnownFileType = sourcecode.swift; path = Issue96View.swift; sourceTree = "<group>"; };
		F44BEDA8253B0519008D8524 /* LazyVStackDemoView.swift */ = {isa = PBXFileReference; lastKnownFileType = sourcecode.swift; path = LazyVStackDemoView.swift; sourceTree = "<group>"; };
		F44BEDB1253B81EC008D8524 /* LazyVGridDemoView.swift */ = {isa = PBXFileReference; lastKnownFileType = sourcecode.swift; path = LazyVGridDemoView.swift; sourceTree = "<group>"; };
		F44BEDB7253BFAB0008D8524 /* AppConfiguration.swift */ = {isa = PBXFileReference; lastKnownFileType = sourcecode.swift; path = AppConfiguration.swift; sourceTree = "<group>"; };
		F44BEDC0253C0349008D8524 /* GridConfigurationView.swift */ = {isa = PBXFileReference; lastKnownFileType = sourcecode.swift; path = GridConfigurationView.swift; sourceTree = "<group>"; };
		F44BEDC6253C957E008D8524 /* URLImageOptionsView.swift */ = {isa = PBXFileReference; lastKnownFileType = sourcecode.swift; path = URLImageOptionsView.swift; sourceTree = "<group>"; };
		F44BEDD5253E7B97008D8524 /* ListDemoPresentationView.swift */ = {isa = PBXFileReference; lastKnownFileType = sourcecode.swift; path = ListDemoPresentationView.swift; sourceTree = "<group>"; };
		F44BEDD9253EA78A008D8524 /* LazyVGridDemoPresentationView.swift */ = {isa = PBXFileReference; lastKnownFileType = sourcecode.swift; path = LazyVGridDemoPresentationView.swift; sourceTree = "<group>"; };
		F44BEDDD253ED8E4008D8524 /* LazyVStackPresentationView.swift */ = {isa = PBXFileReference; lastKnownFileType = sourcecode.swift; path = LazyVStackPresentationView.swift; sourceTree = "<group>"; };
		F467DF3A25800CA700C62D72 /* URLImageWidgetExtension.appex */ = {isa = PBXFileReference; explicitFileType = "wrapper.app-extension"; includeInIndex = 0; path = URLImageWidgetExtension.appex; sourceTree = BUILT_PRODUCTS_DIR; };
		F467DF3B25800CA700C62D72 /* WidgetKit.framework */ = {isa = PBXFileReference; lastKnownFileType = wrapper.framework; name = WidgetKit.framework; path = System/Library/Frameworks/WidgetKit.framework; sourceTree = SDKROOT; };
		F467DF3D25800CA700C62D72 /* SwiftUI.framework */ = {isa = PBXFileReference; lastKnownFileType = wrapper.framework; name = SwiftUI.framework; path = System/Library/Frameworks/SwiftUI.framework; sourceTree = SDKROOT; };
		F467DF4025800CA700C62D72 /* URLImageWidget.swift */ = {isa = PBXFileReference; lastKnownFileType = sourcecode.swift; path = URLImageWidget.swift; sourceTree = "<group>"; };
		F467DF4225800CA700C62D72 /* URLImageWidget.intentdefinition */ = {isa = PBXFileReference; lastKnownFileType = file.intentdefinition; path = URLImageWidget.intentdefinition; sourceTree = "<group>"; };
		F467DF4325800CA900C62D72 /* Assets.xcassets */ = {isa = PBXFileReference; lastKnownFileType = folder.assetcatalog; path = Assets.xcassets; sourceTree = "<group>"; };
		F467DF4525800CA900C62D72 /* Info.plist */ = {isa = PBXFileReference; lastKnownFileType = text.plist.xml; path = Info.plist; sourceTree = "<group>"; };
		F4823401253AAF5500CD9ACC /* URLImageDemo.app */ = {isa = PBXFileReference; explicitFileType = wrapper.application; includeInIndex = 0; path = URLImageDemo.app; sourceTree = BUILT_PRODUCTS_DIR; };
		F4823404253AAF5500CD9ACC /* AppDelegate.swift */ = {isa = PBXFileReference; lastKnownFileType = sourcecode.swift; path = AppDelegate.swift; sourceTree = "<group>"; };
		F4823406253AAF5500CD9ACC /* SceneDelegate.swift */ = {isa = PBXFileReference; lastKnownFileType = sourcecode.swift; path = SceneDelegate.swift; sourceTree = "<group>"; };
		F4823408253AAF5500CD9ACC /* RootView.swift */ = {isa = PBXFileReference; lastKnownFileType = sourcecode.swift; path = RootView.swift; sourceTree = "<group>"; };
		F482340A253AAF5600CD9ACC /* Assets.xcassets */ = {isa = PBXFileReference; lastKnownFileType = folder.assetcatalog; path = Assets.xcassets; sourceTree = "<group>"; };
		F482340D253AAF5600CD9ACC /* Preview Assets.xcassets */ = {isa = PBXFileReference; lastKnownFileType = folder.assetcatalog; path = "Preview Assets.xcassets"; sourceTree = "<group>"; };
		F4823410253AAF5600CD9ACC /* Base */ = {isa = PBXFileReference; lastKnownFileType = file.storyboard; name = Base; path = Base.lproj/LaunchScreen.storyboard; sourceTree = "<group>"; };
		F4823412253AAF5600CD9ACC /* Info.plist */ = {isa = PBXFileReference; lastKnownFileType = text.plist.xml; path = Info.plist; sourceTree = "<group>"; };
		F4893BC2258BF3AE0021FFD7 /* Issue119View.swift */ = {isa = PBXFileReference; lastKnownFileType = sourcecode.swift; path = Issue119View.swift; sourceTree = "<group>"; };
		F4A7BE412559DD960097019F /* Issue107View.swift */ = {isa = PBXFileReference; lastKnownFileType = sourcecode.swift; path = Issue107View.swift; sourceTree = "<group>"; };
		F4B98B5D253AB41E0053E91B /* SampleURLs.swift */ = {isa = PBXFileReference; lastKnownFileType = sourcecode.swift; path = SampleURLs.swift; sourceTree = "<group>"; };
		F4B98B69253AB4D60053E91B /* ListDemoView.swift */ = {isa = PBXFileReference; lastKnownFileType = sourcecode.swift; path = ListDemoView.swift; sourceTree = "<group>"; };
		F4EE70DD25429ABE0021A0DE /* URLImageCompanionWatchApp.app */ = {isa = PBXFileReference; explicitFileType = wrapper.application; includeInIndex = 0; path = URLImageCompanionWatchApp.app; sourceTree = BUILT_PRODUCTS_DIR; };
		F4EE70E025429ABE0021A0DE /* Base */ = {isa = PBXFileReference; lastKnownFileType = file.storyboard; name = Base; path = Base.lproj/Interface.storyboard; sourceTree = "<group>"; };
		F4EE70E225429AC00021A0DE /* Assets.xcassets */ = {isa = PBXFileReference; lastKnownFileType = folder.assetcatalog; path = Assets.xcassets; sourceTree = "<group>"; };
		F4EE70E425429AC00021A0DE /* Info.plist */ = {isa = PBXFileReference; lastKnownFileType = text.plist.xml; path = Info.plist; sourceTree = "<group>"; };
		F4EE70E925429AC00021A0DE /* URLImageCompanionWatchApp Extension.appex */ = {isa = PBXFileReference; explicitFileType = "wrapper.app-extension"; includeInIndex = 0; path = "URLImageCompanionWatchApp Extension.appex"; sourceTree = BUILT_PRODUCTS_DIR; };
		F4EE70EE25429AC00021A0DE /* HostingController.swift */ = {isa = PBXFileReference; lastKnownFileType = sourcecode.swift; path = HostingController.swift; sourceTree = "<group>"; };
		F4EE70F025429AC00021A0DE /* ContentView.swift */ = {isa = PBXFileReference; lastKnownFileType = sourcecode.swift; path = ContentView.swift; sourceTree = "<group>"; };
		F4EE70F225429AC00021A0DE /* ExtensionDelegate.swift */ = {isa = PBXFileReference; lastKnownFileType = sourcecode.swift; path = ExtensionDelegate.swift; sourceTree = "<group>"; };
		F4EE70F425429AC00021A0DE /* NotificationController.swift */ = {isa = PBXFileReference; lastKnownFileType = sourcecode.swift; path = NotificationController.swift; sourceTree = "<group>"; };
		F4EE70F625429AC00021A0DE /* NotificationView.swift */ = {isa = PBXFileReference; lastKnownFileType = sourcecode.swift; path = NotificationView.swift; sourceTree = "<group>"; };
		F4EE70F825429AC00021A0DE /* ComplicationController.swift */ = {isa = PBXFileReference; lastKnownFileType = sourcecode.swift; path = ComplicationController.swift; sourceTree = "<group>"; };
		F4EE70FA25429AC10021A0DE /* Assets.xcassets */ = {isa = PBXFileReference; lastKnownFileType = folder.assetcatalog; path = Assets.xcassets; sourceTree = "<group>"; };
		F4EE70FD25429AC10021A0DE /* Preview Assets.xcassets */ = {isa = PBXFileReference; lastKnownFileType = folder.assetcatalog; path = "Preview Assets.xcassets"; sourceTree = "<group>"; };
		F4EE70FF25429AC10021A0DE /* Info.plist */ = {isa = PBXFileReference; lastKnownFileType = text.plist.xml; path = Info.plist; sourceTree = "<group>"; };
		F4EE710025429AC10021A0DE /* PushNotificationPayload.apns */ = {isa = PBXFileReference; lastKnownFileType = text; path = PushNotificationPayload.apns; sourceTree = "<group>"; };
/* End PBXFileReference section */

/* Begin PBXFrameworksBuildPhase section */
		F467DF3725800CA700C62D72 /* Frameworks */ = {
			isa = PBXFrameworksBuildPhase;
			buildActionMask = 2147483647;
			files = (
				F467DF3E25800CA700C62D72 /* SwiftUI.framework in Frameworks */,
				F4C139172613A6EC003B59E3 /* URLImage in Frameworks */,
				F467DF3C25800CA700C62D72 /* WidgetKit.framework in Frameworks */,
			);
			runOnlyForDeploymentPostprocessing = 0;
		};
		F48233FE253AAF5500CD9ACC /* Frameworks */ = {
			isa = PBXFrameworksBuildPhase;
			buildActionMask = 2147483647;
			files = (
				F4C139112613A6D0003B59E3 /* URLImage in Frameworks */,
			);
			runOnlyForDeploymentPostprocessing = 0;
		};
		F4EE70E625429AC00021A0DE /* Frameworks */ = {
			isa = PBXFrameworksBuildPhase;
			buildActionMask = 2147483647;
			files = (
				F4C1391D2613A711003B59E3 /* URLImage in Frameworks */,
			);
			runOnlyForDeploymentPostprocessing = 0;
		};
/* End PBXFrameworksBuildPhase section */

/* Begin PBXGroup section */
		F44B08BC25474F1E00093E23 /* Issues */ = {
			isa = PBXGroup;
			children = (
				F44B08BD25474F1E00093E23 /* Issue96View.swift */,
				F4A7BE412559DD960097019F /* Issue107View.swift */,
				F4893BC2258BF3AE0021FFD7 /* Issue119View.swift */,
			);
			path = Issues;
			sourceTree = "<group>";
		};
		F44BEDBA253C032B008D8524 /* Auxilary */ = {
			isa = PBXGroup;
			children = (
				F44BEDC0253C0349008D8524 /* GridConfigurationView.swift */,
				F44BEDC6253C957E008D8524 /* URLImageOptionsView.swift */,
			);
			path = Auxilary;
			sourceTree = "<group>";
		};
		F44BEDCC253E79DF008D8524 /* Demo */ = {
			isa = PBXGroup;
			children = (
				F4B98B69253AB4D60053E91B /* ListDemoView.swift */,
				F44BEDA8253B0519008D8524 /* LazyVStackDemoView.swift */,
				F44BEDB1253B81EC008D8524 /* LazyVGridDemoView.swift */,
			);
			path = Demo;
			sourceTree = "<group>";
		};
		F44BEDCD253E7A05008D8524 /* Presentation */ = {
			isa = PBXGroup;
			children = (
				F44BEDD5253E7B97008D8524 /* ListDemoPresentationView.swift */,
				F44BEDDD253ED8E4008D8524 /* LazyVStackPresentationView.swift */,
				F44BEDD9253EA78A008D8524 /* LazyVGridDemoPresentationView.swift */,
			);
			path = Presentation;
			sourceTree = "<group>";
		};
		F467DF3F25800CA700C62D72 /* URLImageWidget */ = {
			isa = PBXGroup;
			children = (
				F467DF4025800CA700C62D72 /* URLImageWidget.swift */,
				F467DF4225800CA700C62D72 /* URLImageWidget.intentdefinition */,
				F467DF4325800CA900C62D72 /* Assets.xcassets */,
				F467DF4525800CA900C62D72 /* Info.plist */,
			);
			path = URLImageWidget;
			sourceTree = "<group>";
		};
		F48233F8253AAF5500CD9ACC = {
			isa = PBXGroup;
			children = (
				F4823403253AAF5500CD9ACC /* URLImageDemo */,
				F4EE70DE25429ABE0021A0DE /* URLImageCompanionWatchApp */,
				F4EE70ED25429AC00021A0DE /* URLImageCompanionWatchApp Extension */,
				F467DF3F25800CA700C62D72 /* URLImageWidget */,
				F4823402253AAF5500CD9ACC /* Products */,
				F4EE710F2544B97A0021A0DE /* Frameworks */,
			);
			sourceTree = "<group>";
		};
		F4823402253AAF5500CD9ACC /* Products */ = {
			isa = PBXGroup;
			children = (
				F4823401253AAF5500CD9ACC /* URLImageDemo.app */,
				F4EE70DD25429ABE0021A0DE /* URLImageCompanionWatchApp.app */,
				F4EE70E925429AC00021A0DE /* URLImageCompanionWatchApp Extension.appex */,
				F467DF3A25800CA700C62D72 /* URLImageWidgetExtension.appex */,
			);
			name = Products;
			sourceTree = "<group>";
		};
		F4823403253AAF5500CD9ACC /* URLImageDemo */ = {
			isa = PBXGroup;
			children = (
				F4B98B5C253AB4120053E91B /* Common */,
				F4B98B58253AB2E70053E91B /* View */,
				F4823404253AAF5500CD9ACC /* AppDelegate.swift */,
				F4823406253AAF5500CD9ACC /* SceneDelegate.swift */,
				F482340A253AAF5600CD9ACC /* Assets.xcassets */,
				F482340F253AAF5600CD9ACC /* LaunchScreen.storyboard */,
				F4823412253AAF5600CD9ACC /* Info.plist */,
				F482340C253AAF5600CD9ACC /* Preview Content */,
			);
			path = URLImageDemo;
			sourceTree = "<group>";
		};
		F482340C253AAF5600CD9ACC /* Preview Content */ = {
			isa = PBXGroup;
			children = (
				F482340D253AAF5600CD9ACC /* Preview Assets.xcassets */,
			);
			path = "Preview Content";
			sourceTree = "<group>";
		};
		F4B98B58253AB2E70053E91B /* View */ = {
			isa = PBXGroup;
			children = (
				F44BEDCD253E7A05008D8524 /* Presentation */,
				F44BEDCC253E79DF008D8524 /* Demo */,
				F44BEDBA253C032B008D8524 /* Auxilary */,
				F4823408253AAF5500CD9ACC /* RootView.swift */,
				F44B08BC25474F1E00093E23 /* Issues */,
			);
			path = View;
			sourceTree = "<group>";
		};
		F4B98B5C253AB4120053E91B /* Common */ = {
			isa = PBXGroup;
			children = (
				F4B98B5D253AB41E0053E91B /* SampleURLs.swift */,
				F44BEDB7253BFAB0008D8524 /* AppConfiguration.swift */,
			);
			path = Common;
			sourceTree = "<group>";
		};
		F4EE70DE25429ABE0021A0DE /* URLImageCompanionWatchApp */ = {
			isa = PBXGroup;
			children = (
				F4EE70DF25429ABE0021A0DE /* Interface.storyboard */,
				F4EE70E225429AC00021A0DE /* Assets.xcassets */,
				F4EE70E425429AC00021A0DE /* Info.plist */,
			);
			path = URLImageCompanionWatchApp;
			sourceTree = "<group>";
		};
		F4EE70ED25429AC00021A0DE /* URLImageCompanionWatchApp Extension */ = {
			isa = PBXGroup;
			children = (
				F4EE70EE25429AC00021A0DE /* HostingController.swift */,
				F4EE70F025429AC00021A0DE /* ContentView.swift */,
				F4EE70F225429AC00021A0DE /* ExtensionDelegate.swift */,
				F4EE70F425429AC00021A0DE /* NotificationController.swift */,
				F4EE70F625429AC00021A0DE /* NotificationView.swift */,
				F4EE70F825429AC00021A0DE /* ComplicationController.swift */,
				F4EE70FA25429AC10021A0DE /* Assets.xcassets */,
				F4EE70FF25429AC10021A0DE /* Info.plist */,
				F4EE710025429AC10021A0DE /* PushNotificationPayload.apns */,
				F4EE70FC25429AC10021A0DE /* Preview Content */,
			);
			path = "URLImageCompanionWatchApp Extension";
			sourceTree = "<group>";
		};
		F4EE70FC25429AC10021A0DE /* Preview Content */ = {
			isa = PBXGroup;
			children = (
				F4EE70FD25429AC10021A0DE /* Preview Assets.xcassets */,
			);
			path = "Preview Content";
			sourceTree = "<group>";
		};
		F4EE710F2544B97A0021A0DE /* Frameworks */ = {
			isa = PBXGroup;
			children = (
				F467DF3B25800CA700C62D72 /* WidgetKit.framework */,
				F467DF3D25800CA700C62D72 /* SwiftUI.framework */,
			);
			name = Frameworks;
			sourceTree = "<group>";
		};
/* End PBXGroup section */

/* Begin PBXNativeTarget section */
		F467DF3925800CA700C62D72 /* URLImageWidgetExtension */ = {
			isa = PBXNativeTarget;
			buildConfigurationList = F467DF4B25800CA900C62D72 /* Build configuration list for PBXNativeTarget "URLImageWidgetExtension" */;
			buildPhases = (
				F467DF3625800CA700C62D72 /* Sources */,
				F467DF3725800CA700C62D72 /* Frameworks */,
				F467DF3825800CA700C62D72 /* Resources */,
			);
			buildRules = (
			);
			dependencies = (
			);
			name = URLImageWidgetExtension;
			packageProductDependencies = (
				F4C139162613A6EC003B59E3 /* URLImage */,
			);
			productName = URLImageWidgetExtension;
			productReference = F467DF3A25800CA700C62D72 /* URLImageWidgetExtension.appex */;
			productType = "com.apple.product-type.app-extension";
		};
		F4823400253AAF5500CD9ACC /* URLImageDemo */ = {
			isa = PBXNativeTarget;
			buildConfigurationList = F4823415253AAF5600CD9ACC /* Build configuration list for PBXNativeTarget "URLImageDemo" */;
			buildPhases = (
				F48233FD253AAF5500CD9ACC /* Sources */,
				F48233FE253AAF5500CD9ACC /* Frameworks */,
				F48233FF253AAF5500CD9ACC /* Resources */,
				F4EE710B25429AC10021A0DE /* Embed Watch Content */,
				F467DF4E25800CA900C62D72 /* Embed App Extensions */,
			);
			buildRules = (
			);
			dependencies = (
				F4EE710225429AC10021A0DE /* PBXTargetDependency */,
				F467DF4925800CA900C62D72 /* PBXTargetDependency */,
			);
			name = URLImageDemo;
			packageProductDependencies = (
				F4C139102613A6D0003B59E3 /* URLImage */,
			);
			productName = URLImageDemo;
			productReference = F4823401253AAF5500CD9ACC /* URLImageDemo.app */;
			productType = "com.apple.product-type.application";
		};
		F4EE70DC25429ABE0021A0DE /* URLImageCompanionWatchApp */ = {
			isa = PBXNativeTarget;
			buildConfigurationList = F4EE710825429AC10021A0DE /* Build configuration list for PBXNativeTarget "URLImageCompanionWatchApp" */;
			buildPhases = (
				F4EE70DB25429ABE0021A0DE /* Resources */,
				F4EE710725429AC10021A0DE /* Embed App Extensions */,
			);
			buildRules = (
			);
			dependencies = (
				F4EE70EC25429AC00021A0DE /* PBXTargetDependency */,
			);
			name = URLImageCompanionWatchApp;
			productName = URLImageCompanionWatchApp;
			productReference = F4EE70DD25429ABE0021A0DE /* URLImageCompanionWatchApp.app */;
			productType = "com.apple.product-type.application.watchapp2";
		};
		F4EE70E825429AC00021A0DE /* URLImageCompanionWatchApp Extension */ = {
			isa = PBXNativeTarget;
			buildConfigurationList = F4EE710425429AC10021A0DE /* Build configuration list for PBXNativeTarget "URLImageCompanionWatchApp Extension" */;
			buildPhases = (
				F4EE70E525429AC00021A0DE /* Sources */,
				F4EE70E625429AC00021A0DE /* Frameworks */,
				F4EE70E725429AC00021A0DE /* Resources */,
			);
			buildRules = (
			);
			dependencies = (
			);
			name = "URLImageCompanionWatchApp Extension";
			packageProductDependencies = (
				F4C1391C2613A711003B59E3 /* URLImage */,
			);
			productName = "URLImageCompanionWatchApp Extension";
			productReference = F4EE70E925429AC00021A0DE /* URLImageCompanionWatchApp Extension.appex */;
			productType = "com.apple.product-type.watchkit2-extension";
		};
/* End PBXNativeTarget section */

/* Begin PBXProject section */
		F48233F9253AAF5500CD9ACC /* Project object */ = {
			isa = PBXProject;
			attributes = {
				LastSwiftUpdateCheck = 1220;
				LastUpgradeCheck = 1200;
				TargetAttributes = {
					F467DF3925800CA700C62D72 = {
						CreatedOnToolsVersion = 12.2;
					};
					F4823400253AAF5500CD9ACC = {
						CreatedOnToolsVersion = 12.0.1;
					};
					F4EE70DC25429ABE0021A0DE = {
						CreatedOnToolsVersion = 12.0.1;
					};
					F4EE70E825429AC00021A0DE = {
						CreatedOnToolsVersion = 12.0.1;
					};
				};
			};
			buildConfigurationList = F48233FC253AAF5500CD9ACC /* Build configuration list for PBXProject "URLImageDemo" */;
			compatibilityVersion = "Xcode 9.3";
			developmentRegion = en;
			hasScannedForEncodings = 0;
			knownRegions = (
				en,
				Base,
			);
			mainGroup = F48233F8253AAF5500CD9ACC;
			packageReferences = (
				F4C138FD2613A5A7003B59E3 /* XCRemoteSwiftPackageReference "url-image" */,
			);
			productRefGroup = F4823402253AAF5500CD9ACC /* Products */;
			projectDirPath = "";
			projectRoot = "";
			targets = (
				F4823400253AAF5500CD9ACC /* URLImageDemo */,
				F4EE70DC25429ABE0021A0DE /* URLImageCompanionWatchApp */,
				F4EE70E825429AC00021A0DE /* URLImageCompanionWatchApp Extension */,
				F467DF3925800CA700C62D72 /* URLImageWidgetExtension */,
			);
		};
/* End PBXProject section */

/* Begin PBXResourcesBuildPhase section */
		F467DF3825800CA700C62D72 /* Resources */ = {
			isa = PBXResourcesBuildPhase;
			buildActionMask = 2147483647;
			files = (
				F467DF4425800CA900C62D72 /* Assets.xcassets in Resources */,
			);
			runOnlyForDeploymentPostprocessing = 0;
		};
		F48233FF253AAF5500CD9ACC /* Resources */ = {
			isa = PBXResourcesBuildPhase;
			buildActionMask = 2147483647;
			files = (
				F4823411253AAF5600CD9ACC /* LaunchScreen.storyboard in Resources */,
				F482340E253AAF5600CD9ACC /* Preview Assets.xcassets in Resources */,
				F482340B253AAF5600CD9ACC /* Assets.xcassets in Resources */,
			);
			runOnlyForDeploymentPostprocessing = 0;
		};
		F4EE70DB25429ABE0021A0DE /* Resources */ = {
			isa = PBXResourcesBuildPhase;
			buildActionMask = 2147483647;
			files = (
				F4EE70E325429AC00021A0DE /* Assets.xcassets in Resources */,
				F4EE70E125429ABE0021A0DE /* Interface.storyboard in Resources */,
			);
			runOnlyForDeploymentPostprocessing = 0;
		};
		F4EE70E725429AC00021A0DE /* Resources */ = {
			isa = PBXResourcesBuildPhase;
			buildActionMask = 2147483647;
			files = (
				F4EE70FE25429AC10021A0DE /* Preview Assets.xcassets in Resources */,
				F4EE70FB25429AC10021A0DE /* Assets.xcassets in Resources */,
			);
			runOnlyForDeploymentPostprocessing = 0;
		};
/* End PBXResourcesBuildPhase section */

/* Begin PBXSourcesBuildPhase section */
		F467DF3625800CA700C62D72 /* Sources */ = {
			isa = PBXSourcesBuildPhase;
			buildActionMask = 2147483647;
			files = (
				F467DF4625800CA900C62D72 /* URLImageWidget.intentdefinition in Sources */,
				F467DF4125800CA700C62D72 /* URLImageWidget.swift in Sources */,
			);
			runOnlyForDeploymentPostprocessing = 0;
		};
		F48233FD253AAF5500CD9ACC /* Sources */ = {
			isa = PBXSourcesBuildPhase;
			buildActionMask = 2147483647;
			files = (
				F4823405253AAF5500CD9ACC /* AppDelegate.swift in Sources */,
				F44B08BE25474F1E00093E23 /* Issue96View.swift in Sources */,
				F4893BC3258BF3AE0021FFD7 /* Issue119View.swift in Sources */,
				F467DF4725800CA900C62D72 /* URLImageWidget.intentdefinition in Sources */,
				F4823407253AAF5500CD9ACC /* SceneDelegate.swift in Sources */,
				F44BEDB8253BFAB0008D8524 /* AppConfiguration.swift in Sources */,
				F44BEDA9253B0519008D8524 /* LazyVStackDemoView.swift in Sources */,
				F44BEDDA253EA78A008D8524 /* LazyVGridDemoPresentationView.swift in Sources */,
				F4A7BE422559DD960097019F /* Issue107View.swift in Sources */,
				F44BEDD6253E7B97008D8524 /* ListDemoPresentationView.swift in Sources */,
				F44BEDC1253C0349008D8524 /* GridConfigurationView.swift in Sources */,
				F44BEDDE253ED8E4008D8524 /* LazyVStackPresentationView.swift in Sources */,
				F4823409253AAF5500CD9ACC /* RootView.swift in Sources */,
				F44BEDB2253B81ED008D8524 /* LazyVGridDemoView.swift in Sources */,
				F44BEDC7253C957E008D8524 /* URLImageOptionsView.swift in Sources */,
				F4B98B5E253AB41E0053E91B /* SampleURLs.swift in Sources */,
				F4B98B6A253AB4D60053E91B /* ListDemoView.swift in Sources */,
			);
			runOnlyForDeploymentPostprocessing = 0;
		};
		F4EE70E525429AC00021A0DE /* Sources */ = {
			isa = PBXSourcesBuildPhase;
			buildActionMask = 2147483647;
			files = (
				F4EE70F125429AC00021A0DE /* ContentView.swift in Sources */,
				F4EE70EF25429AC00021A0DE /* HostingController.swift in Sources */,
				F4EE70F525429AC00021A0DE /* NotificationController.swift in Sources */,
				F4EE70F325429AC00021A0DE /* ExtensionDelegate.swift in Sources */,
				F4EE70F725429AC00021A0DE /* NotificationView.swift in Sources */,
				F4EE70F925429AC00021A0DE /* ComplicationController.swift in Sources */,
			);
			runOnlyForDeploymentPostprocessing = 0;
		};
/* End PBXSourcesBuildPhase section */

/* Begin PBXTargetDependency section */
		F467DF4925800CA900C62D72 /* PBXTargetDependency */ = {
			isa = PBXTargetDependency;
			target = F467DF3925800CA700C62D72 /* URLImageWidgetExtension */;
			targetProxy = F467DF4825800CA900C62D72 /* PBXContainerItemProxy */;
		};
		F4EE70EC25429AC00021A0DE /* PBXTargetDependency */ = {
			isa = PBXTargetDependency;
			target = F4EE70E825429AC00021A0DE /* URLImageCompanionWatchApp Extension */;
			targetProxy = F4EE70EB25429AC00021A0DE /* PBXContainerItemProxy */;
		};
		F4EE710225429AC10021A0DE /* PBXTargetDependency */ = {
			isa = PBXTargetDependency;
			target = F4EE70DC25429ABE0021A0DE /* URLImageCompanionWatchApp */;
			targetProxy = F4EE710125429AC10021A0DE /* PBXContainerItemProxy */;
		};
/* End PBXTargetDependency section */

/* Begin PBXVariantGroup section */
		F482340F253AAF5600CD9ACC /* LaunchScreen.storyboard */ = {
			isa = PBXVariantGroup;
			children = (
				F4823410253AAF5600CD9ACC /* Base */,
			);
			name = LaunchScreen.storyboard;
			sourceTree = "<group>";
		};
		F4EE70DF25429ABE0021A0DE /* Interface.storyboard */ = {
			isa = PBXVariantGroup;
			children = (
				F4EE70E025429ABE0021A0DE /* Base */,
			);
			name = Interface.storyboard;
			sourceTree = "<group>";
		};
/* End PBXVariantGroup section */

/* Begin XCBuildConfiguration section */
		F467DF4C25800CA900C62D72 /* Debug */ = {
			isa = XCBuildConfiguration;
			buildSettings = {
				ASSETCATALOG_COMPILER_GLOBAL_ACCENT_COLOR_NAME = AccentColor;
				ASSETCATALOG_COMPILER_WIDGET_BACKGROUND_COLOR_NAME = WidgetBackground;
				CODE_SIGN_STYLE = Automatic;
				DEVELOPMENT_TEAM = UEQ8YHF529;
				INFOPLIST_FILE = URLImageWidget/Info.plist;
				IPHONEOS_DEPLOYMENT_TARGET = 14.2;
				LD_RUNPATH_SEARCH_PATHS = (
					"$(inherited)",
					"@executable_path/Frameworks",
					"@executable_path/../../Frameworks",
				);
				PRODUCT_BUNDLE_IDENTIFIER = org.danokhin.URLImageDemo.URLImageWidget;
				PRODUCT_NAME = "$(TARGET_NAME)";
				SKIP_INSTALL = YES;
				SWIFT_VERSION = 5.0;
				TARGETED_DEVICE_FAMILY = "1,2";
			};
			name = Debug;
		};
		F467DF4D25800CA900C62D72 /* Release */ = {
			isa = XCBuildConfiguration;
			buildSettings = {
				ASSETCATALOG_COMPILER_GLOBAL_ACCENT_COLOR_NAME = AccentColor;
				ASSETCATALOG_COMPILER_WIDGET_BACKGROUND_COLOR_NAME = WidgetBackground;
				CODE_SIGN_STYLE = Automatic;
				DEVELOPMENT_TEAM = UEQ8YHF529;
				INFOPLIST_FILE = URLImageWidget/Info.plist;
				IPHONEOS_DEPLOYMENT_TARGET = 14.2;
				LD_RUNPATH_SEARCH_PATHS = (
					"$(inherited)",
					"@executable_path/Frameworks",
					"@executable_path/../../Frameworks",
				);
				PRODUCT_BUNDLE_IDENTIFIER = org.danokhin.URLImageDemo.URLImageWidget;
				PRODUCT_NAME = "$(TARGET_NAME)";
				SKIP_INSTALL = YES;
				SWIFT_VERSION = 5.0;
				TARGETED_DEVICE_FAMILY = "1,2";
			};
			name = Release;
		};
		F4823413253AAF5600CD9ACC /* Debug */ = {
			isa = XCBuildConfiguration;
			buildSettings = {
				ALWAYS_SEARCH_USER_PATHS = NO;
				CLANG_ANALYZER_NONNULL = YES;
				CLANG_ANALYZER_NUMBER_OBJECT_CONVERSION = YES_AGGRESSIVE;
				CLANG_CXX_LANGUAGE_STANDARD = "gnu++14";
				CLANG_CXX_LIBRARY = "libc++";
				CLANG_ENABLE_MODULES = YES;
				CLANG_ENABLE_OBJC_ARC = YES;
				CLANG_ENABLE_OBJC_WEAK = YES;
				CLANG_WARN_BLOCK_CAPTURE_AUTORELEASING = YES;
				CLANG_WARN_BOOL_CONVERSION = YES;
				CLANG_WARN_COMMA = YES;
				CLANG_WARN_CONSTANT_CONVERSION = YES;
				CLANG_WARN_DEPRECATED_OBJC_IMPLEMENTATIONS = YES;
				CLANG_WARN_DIRECT_OBJC_ISA_USAGE = YES_ERROR;
				CLANG_WARN_DOCUMENTATION_COMMENTS = YES;
				CLANG_WARN_EMPTY_BODY = YES;
				CLANG_WARN_ENUM_CONVERSION = YES;
				CLANG_WARN_INFINITE_RECURSION = YES;
				CLANG_WARN_INT_CONVERSION = YES;
				CLANG_WARN_NON_LITERAL_NULL_CONVERSION = YES;
				CLANG_WARN_OBJC_IMPLICIT_RETAIN_SELF = YES;
				CLANG_WARN_OBJC_LITERAL_CONVERSION = YES;
				CLANG_WARN_OBJC_ROOT_CLASS = YES_ERROR;
				CLANG_WARN_QUOTED_INCLUDE_IN_FRAMEWORK_HEADER = YES;
				CLANG_WARN_RANGE_LOOP_ANALYSIS = YES;
				CLANG_WARN_STRICT_PROTOTYPES = YES;
				CLANG_WARN_SUSPICIOUS_MOVE = YES;
				CLANG_WARN_UNGUARDED_AVAILABILITY = YES_AGGRESSIVE;
				CLANG_WARN_UNREACHABLE_CODE = YES;
				CLANG_WARN__DUPLICATE_METHOD_MATCH = YES;
				COPY_PHASE_STRIP = NO;
				DEBUG_INFORMATION_FORMAT = dwarf;
				ENABLE_STRICT_OBJC_MSGSEND = YES;
				ENABLE_TESTABILITY = YES;
				GCC_C_LANGUAGE_STANDARD = gnu11;
				GCC_DYNAMIC_NO_PIC = NO;
				GCC_NO_COMMON_BLOCKS = YES;
				GCC_OPTIMIZATION_LEVEL = 0;
				GCC_PREPROCESSOR_DEFINITIONS = (
					"DEBUG=1",
					"$(inherited)",
				);
				GCC_WARN_64_TO_32_BIT_CONVERSION = YES;
				GCC_WARN_ABOUT_RETURN_TYPE = YES_ERROR;
				GCC_WARN_UNDECLARED_SELECTOR = YES;
				GCC_WARN_UNINITIALIZED_AUTOS = YES_AGGRESSIVE;
				GCC_WARN_UNUSED_FUNCTION = YES;
				GCC_WARN_UNUSED_VARIABLE = YES;
				IPHONEOS_DEPLOYMENT_TARGET = 14.0;
				MTL_ENABLE_DEBUG_INFO = INCLUDE_SOURCE;
				MTL_FAST_MATH = YES;
				ONLY_ACTIVE_ARCH = YES;
				SDKROOT = iphoneos;
				SWIFT_ACTIVE_COMPILATION_CONDITIONS = DEBUG;
				SWIFT_OPTIMIZATION_LEVEL = "-Onone";
			};
			name = Debug;
		};
		F4823414253AAF5600CD9ACC /* Release */ = {
			isa = XCBuildConfiguration;
			buildSettings = {
				ALWAYS_SEARCH_USER_PATHS = NO;
				CLANG_ANALYZER_NONNULL = YES;
				CLANG_ANALYZER_NUMBER_OBJECT_CONVERSION = YES_AGGRESSIVE;
				CLANG_CXX_LANGUAGE_STANDARD = "gnu++14";
				CLANG_CXX_LIBRARY = "libc++";
				CLANG_ENABLE_MODULES = YES;
				CLANG_ENABLE_OBJC_ARC = YES;
				CLANG_ENABLE_OBJC_WEAK = YES;
				CLANG_WARN_BLOCK_CAPTURE_AUTORELEASING = YES;
				CLANG_WARN_BOOL_CONVERSION = YES;
				CLANG_WARN_COMMA = YES;
				CLANG_WARN_CONSTANT_CONVERSION = YES;
				CLANG_WARN_DEPRECATED_OBJC_IMPLEMENTATIONS = YES;
				CLANG_WARN_DIRECT_OBJC_ISA_USAGE = YES_ERROR;
				CLANG_WARN_DOCUMENTATION_COMMENTS = YES;
				CLANG_WARN_EMPTY_BODY = YES;
				CLANG_WARN_ENUM_CONVERSION = YES;
				CLANG_WARN_INFINITE_RECURSION = YES;
				CLANG_WARN_INT_CONVERSION = YES;
				CLANG_WARN_NON_LITERAL_NULL_CONVERSION = YES;
				CLANG_WARN_OBJC_IMPLICIT_RETAIN_SELF = YES;
				CLANG_WARN_OBJC_LITERAL_CONVERSION = YES;
				CLANG_WARN_OBJC_ROOT_CLASS = YES_ERROR;
				CLANG_WARN_QUOTED_INCLUDE_IN_FRAMEWORK_HEADER = YES;
				CLANG_WARN_RANGE_LOOP_ANALYSIS = YES;
				CLANG_WARN_STRICT_PROTOTYPES = YES;
				CLANG_WARN_SUSPICIOUS_MOVE = YES;
				CLANG_WARN_UNGUARDED_AVAILABILITY = YES_AGGRESSIVE;
				CLANG_WARN_UNREACHABLE_CODE = YES;
				CLANG_WARN__DUPLICATE_METHOD_MATCH = YES;
				COPY_PHASE_STRIP = NO;
				DEBUG_INFORMATION_FORMAT = "dwarf-with-dsym";
				ENABLE_NS_ASSERTIONS = NO;
				ENABLE_STRICT_OBJC_MSGSEND = YES;
				GCC_C_LANGUAGE_STANDARD = gnu11;
				GCC_NO_COMMON_BLOCKS = YES;
				GCC_WARN_64_TO_32_BIT_CONVERSION = YES;
				GCC_WARN_ABOUT_RETURN_TYPE = YES_ERROR;
				GCC_WARN_UNDECLARED_SELECTOR = YES;
				GCC_WARN_UNINITIALIZED_AUTOS = YES_AGGRESSIVE;
				GCC_WARN_UNUSED_FUNCTION = YES;
				GCC_WARN_UNUSED_VARIABLE = YES;
				IPHONEOS_DEPLOYMENT_TARGET = 14.0;
				MTL_ENABLE_DEBUG_INFO = NO;
				MTL_FAST_MATH = YES;
				SDKROOT = iphoneos;
				SWIFT_COMPILATION_MODE = wholemodule;
				SWIFT_OPTIMIZATION_LEVEL = "-O";
				VALIDATE_PRODUCT = YES;
			};
			name = Release;
		};
		F4823416253AAF5600CD9ACC /* Debug */ = {
			isa = XCBuildConfiguration;
			buildSettings = {
				ALWAYS_EMBED_SWIFT_STANDARD_LIBRARIES = YES;
				ASSETCATALOG_COMPILER_APPICON_NAME = AppIcon;
				ASSETCATALOG_COMPILER_GLOBAL_ACCENT_COLOR_NAME = AccentColor;
				CODE_SIGN_STYLE = Automatic;
				DEVELOPMENT_ASSET_PATHS = "\"URLImageDemo/Preview Content\"";
				DEVELOPMENT_TEAM = UEQ8YHF529;
				ENABLE_PREVIEWS = YES;
				INFOPLIST_FILE = URLImageDemo/Info.plist;
				IPHONEOS_DEPLOYMENT_TARGET = 13.0;
				LD_RUNPATH_SEARCH_PATHS = (
					"$(inherited)",
					"@executable_path/Frameworks",
				);
				PRODUCT_BUNDLE_IDENTIFIER = org.danokhin.URLImageDemo;
				PRODUCT_NAME = "$(TARGET_NAME)";
				SWIFT_VERSION = 5.0;
				TARGETED_DEVICE_FAMILY = "1,2";
			};
			name = Debug;
		};
		F4823417253AAF5600CD9ACC /* Release */ = {
			isa = XCBuildConfiguration;
			buildSettings = {
				ALWAYS_EMBED_SWIFT_STANDARD_LIBRARIES = YES;
				ASSETCATALOG_COMPILER_APPICON_NAME = AppIcon;
				ASSETCATALOG_COMPILER_GLOBAL_ACCENT_COLOR_NAME = AccentColor;
				CODE_SIGN_STYLE = Automatic;
				DEVELOPMENT_ASSET_PATHS = "\"URLImageDemo/Preview Content\"";
				DEVELOPMENT_TEAM = UEQ8YHF529;
				ENABLE_PREVIEWS = YES;
				INFOPLIST_FILE = URLImageDemo/Info.plist;
				IPHONEOS_DEPLOYMENT_TARGET = 13.0;
				LD_RUNPATH_SEARCH_PATHS = (
					"$(inherited)",
					"@executable_path/Frameworks",
				);
				PRODUCT_BUNDLE_IDENTIFIER = org.danokhin.URLImageDemo;
				PRODUCT_NAME = "$(TARGET_NAME)";
				SWIFT_VERSION = 5.0;
				TARGETED_DEVICE_FAMILY = "1,2";
			};
			name = Release;
		};
		F4EE710525429AC10021A0DE /* Debug */ = {
			isa = XCBuildConfiguration;
			buildSettings = {
				ASSETCATALOG_COMPILER_COMPLICATION_NAME = Complication;
				CODE_SIGN_STYLE = Automatic;
				DEVELOPMENT_ASSET_PATHS = "\"URLImageCompanionWatchApp Extension/Preview Content\"";
				DEVELOPMENT_TEAM = UEQ8YHF529;
				ENABLE_PREVIEWS = YES;
				INFOPLIST_FILE = "URLImageCompanionWatchApp Extension/Info.plist";
				LD_RUNPATH_SEARCH_PATHS = (
					"$(inherited)",
					"@executable_path/Frameworks",
					"@executable_path/../../Frameworks",
				);
				PRODUCT_BUNDLE_IDENTIFIER = org.danokhin.URLImageDemo.watchkitapp.watchkitextension;
				PRODUCT_NAME = "${TARGET_NAME}";
				SDKROOT = watchos;
				SKIP_INSTALL = YES;
				SWIFT_VERSION = 5.0;
				TARGETED_DEVICE_FAMILY = 4;
				WATCHOS_DEPLOYMENT_TARGET = 7.0;
			};
			name = Debug;
		};
		F4EE710625429AC10021A0DE /* Release */ = {
			isa = XCBuildConfiguration;
			buildSettings = {
				ASSETCATALOG_COMPILER_COMPLICATION_NAME = Complication;
				CODE_SIGN_STYLE = Automatic;
				DEVELOPMENT_ASSET_PATHS = "\"URLImageCompanionWatchApp Extension/Preview Content\"";
				DEVELOPMENT_TEAM = UEQ8YHF529;
				ENABLE_PREVIEWS = YES;
				INFOPLIST_FILE = "URLImageCompanionWatchApp Extension/Info.plist";
				LD_RUNPATH_SEARCH_PATHS = (
					"$(inherited)",
					"@executable_path/Frameworks",
					"@executable_path/../../Frameworks",
				);
				PRODUCT_BUNDLE_IDENTIFIER = org.danokhin.URLImageDemo.watchkitapp.watchkitextension;
				PRODUCT_NAME = "${TARGET_NAME}";
				SDKROOT = watchos;
				SKIP_INSTALL = YES;
				SWIFT_VERSION = 5.0;
				TARGETED_DEVICE_FAMILY = 4;
				WATCHOS_DEPLOYMENT_TARGET = 7.0;
			};
			name = Release;
		};
		F4EE710925429AC10021A0DE /* Debug */ = {
			isa = XCBuildConfiguration;
			buildSettings = {
				ALWAYS_EMBED_SWIFT_STANDARD_LIBRARIES = YES;
				ASSETCATALOG_COMPILER_APPICON_NAME = AppIcon;
				ASSETCATALOG_COMPILER_GLOBAL_ACCENT_COLOR_NAME = AccentColor;
				CODE_SIGN_STYLE = Automatic;
				DEVELOPMENT_TEAM = UEQ8YHF529;
				IBSC_MODULE = URLImageCompanionWatchApp_Extension;
				INFOPLIST_FILE = URLImageCompanionWatchApp/Info.plist;
				PRODUCT_BUNDLE_IDENTIFIER = org.danokhin.URLImageDemo.watchkitapp;
				PRODUCT_NAME = "$(TARGET_NAME)";
				SDKROOT = watchos;
				SKIP_INSTALL = YES;
				SWIFT_VERSION = 5.0;
				TARGETED_DEVICE_FAMILY = 4;
				WATCHOS_DEPLOYMENT_TARGET = 7.0;
			};
			name = Debug;
		};
		F4EE710A25429AC10021A0DE /* Release */ = {
			isa = XCBuildConfiguration;
			buildSettings = {
				ALWAYS_EMBED_SWIFT_STANDARD_LIBRARIES = YES;
				ASSETCATALOG_COMPILER_APPICON_NAME = AppIcon;
				ASSETCATALOG_COMPILER_GLOBAL_ACCENT_COLOR_NAME = AccentColor;
				CODE_SIGN_STYLE = Automatic;
				DEVELOPMENT_TEAM = UEQ8YHF529;
				IBSC_MODULE = URLImageCompanionWatchApp_Extension;
				INFOPLIST_FILE = URLImageCompanionWatchApp/Info.plist;
				PRODUCT_BUNDLE_IDENTIFIER = org.danokhin.URLImageDemo.watchkitapp;
				PRODUCT_NAME = "$(TARGET_NAME)";
				SDKROOT = watchos;
				SKIP_INSTALL = YES;
				SWIFT_VERSION = 5.0;
				TARGETED_DEVICE_FAMILY = 4;
				WATCHOS_DEPLOYMENT_TARGET = 7.0;
			};
			name = Release;
		};
/* End XCBuildConfiguration section */

/* Begin XCConfigurationList section */
		F467DF4B25800CA900C62D72 /* Build configuration list for PBXNativeTarget "URLImageWidgetExtension" */ = {
			isa = XCConfigurationList;
			buildConfigurations = (
				F467DF4C25800CA900C62D72 /* Debug */,
				F467DF4D25800CA900C62D72 /* Release */,
			);
			defaultConfigurationIsVisible = 0;
			defaultConfigurationName = Release;
		};
		F48233FC253AAF5500CD9ACC /* Build configuration list for PBXProject "URLImageDemo" */ = {
			isa = XCConfigurationList;
			buildConfigurations = (
				F4823413253AAF5600CD9ACC /* Debug */,
				F4823414253AAF5600CD9ACC /* Release */,
			);
			defaultConfigurationIsVisible = 0;
			defaultConfigurationName = Release;
		};
		F4823415253AAF5600CD9ACC /* Build configuration list for PBXNativeTarget "URLImageDemo" */ = {
			isa = XCConfigurationList;
			buildConfigurations = (
				F4823416253AAF5600CD9ACC /* Debug */,
				F4823417253AAF5600CD9ACC /* Release */,
			);
			defaultConfigurationIsVisible = 0;
			defaultConfigurationName = Release;
		};
		F4EE710425429AC10021A0DE /* Build configuration list for PBXNativeTarget "URLImageCompanionWatchApp Extension" */ = {
			isa = XCConfigurationList;
			buildConfigurations = (
				F4EE710525429AC10021A0DE /* Debug */,
				F4EE710625429AC10021A0DE /* Release */,
			);
			defaultConfigurationIsVisible = 0;
			defaultConfigurationName = Release;
		};
		F4EE710825429AC10021A0DE /* Build configuration list for PBXNativeTarget "URLImageCompanionWatchApp" */ = {
			isa = XCConfigurationList;
			buildConfigurations = (
				F4EE710925429AC10021A0DE /* Debug */,
				F4EE710A25429AC10021A0DE /* Release */,
			);
			defaultConfigurationIsVisible = 0;
			defaultConfigurationName = Release;
		};
/* End XCConfigurationList section */

/* Begin XCRemoteSwiftPackageReference section */
		F4C138FD2613A5A7003B59E3 /* XCRemoteSwiftPackageReference "url-image" */ = {
			isa = XCRemoteSwiftPackageReference;
			repositoryURL = "https://github.com/dmytro-anokhin/url-image";
			requirement = {
				branch = main;
				kind = branch;
			};
		};
/* End XCRemoteSwiftPackageReference section */

/* Begin XCSwiftPackageProductDependency section */
		F4C139102613A6D0003B59E3 /* URLImage */ = {
			isa = XCSwiftPackageProductDependency;
			package = F4C138FD2613A5A7003B59E3 /* XCRemoteSwiftPackageReference "url-image" */;
			productName = URLImage;
		};
		F4C139162613A6EC003B59E3 /* URLImage */ = {
			isa = XCSwiftPackageProductDependency;
			package = F4C138FD2613A5A7003B59E3 /* XCRemoteSwiftPackageReference "url-image" */;
			productName = URLImage;
		};
		F4C1391C2613A711003B59E3 /* URLImage */ = {
			isa = XCSwiftPackageProductDependency;
			package = F4C138FD2613A5A7003B59E3 /* XCRemoteSwiftPackageReference "url-image" */;
			productName = URLImage;
		};
/* End XCSwiftPackageProductDependency section */
	};
	rootObject = F48233F9253AAF5500CD9ACC /* Project object */;
}
